
Microsoft Visual Studio Solution File, Format Version 12.00
# Visual Studio Version 16
VisualStudioVersion = 16.0.31112.23
MinimumVisualStudioVersion = 10.0.40219.1
Project("{9A19103F-16F7-4668-BE54-9A1E7A4F7556}") = "project-delfino", "project-delfino\project-delfino.csproj", "{EB7752D2-1C04-4798-B2E9-B3BEA64B19E5}"
EndProject
Global
	GlobalSection(SolutionConfigurationPlatforms) = preSolution
		Debug|Any CPU = Debug|Any CPU
		Release|Any CPU = Release|Any CPU
	EndGlobalSection
	GlobalSection(ProjectConfigurationPlatforms) = postSolution
		{EB7752D2-1C04-4798-B2E9-B3BEA64B19E5}.Debug|Any CPU.ActiveCfg = Debug|Any CPU
		{EB7752D2-1C04-4798-B2E9-B3BEA64B19E5}.Debug|Any CPU.Build.0 = Debug|Any CPU
		{EB7752D2-1C04-4798-B2E9-B3BEA64B19E5}.Release|Any CPU.ActiveCfg = Release|Any CPU
		{EB7752D2-1C04-4798-B2E9-B3BEA64B19E5}.Release|Any CPU.Build.0 = Release|Any CPU
	EndGlobalSection
	GlobalSection(SolutionProperties) = preSolution
		HideSolutionNode = FALSE
	EndGlobalSection
	GlobalSection(ExtensibilityGlobals) = postSolution
		SolutionGuid = {7602E6D5-CC3C-4C5C-B4B7-BFB9895B7001}
	EndGlobalSection
EndGlobal
